
Microsoft Visual Studio Solution File, Format Version 12.00
# Visual Studio Version 16
VisualStudioVersion = 16.0.30128.74
MinimumVisualStudioVersion = 10.0.40219.1
Project("{FAE04EC0-301F-11D3-BF4B-00C04F79EFBC}") = "Gibdd.Android", "Gibdd\Gibdd.Android\Gibdd.Android.csproj", "{8E5B498D-240F-4C60-9A89-E1C1BEE2E0B7}"
EndProject
Project("{FAE04EC0-301F-11D3-BF4B-00C04F79EFBC}") = "Gibdd.iOS", "Gibdd\Gibdd.iOS\Gibdd.iOS.csproj", "{41792880-6C50-4CC7-B52B-819BC5541014}"
EndProject
Project("{FAE04EC0-301F-11D3-BF4B-00C04F79EFBC}") = "Gibdd", "Gibdd\Gibdd\Gibdd.csproj", "{566A6E4F-5B0D-4542-9F35-6F80661436F9}"
EndProject
Global
	GlobalSection(SolutionConfigurationPlatforms) = preSolution
		Debug|Any CPU = Debug|Any CPU
		Debug|iPhone = Debug|iPhone
		Debug|iPhoneSimulator = Debug|iPhoneSimulator
		Release|Any CPU = Release|Any CPU
		Release|iPhone = Release|iPhone
		Release|iPhoneSimulator = Release|iPhoneSimulator
	EndGlobalSection
	GlobalSection(ProjectConfigurationPlatforms) = postSolution
		{8E5B498D-240F-4C60-9A89-E1C1BEE2E0B7}.Debug|Any CPU.ActiveCfg = Debug|Any CPU
		{8E5B498D-240F-4C60-9A89-E1C1BEE2E0B7}.Debug|Any CPU.Build.0 = Debug|Any CPU
		{8E5B498D-240F-4C60-9A89-E1C1BEE2E0B7}.Debug|Any CPU.Deploy.0 = Debug|Any CPU
		{8E5B498D-240F-4C60-9A89-E1C1BEE2E0B7}.Debug|iPhone.ActiveCfg = Debug|Any CPU
		{8E5B498D-240F-4C60-9A89-E1C1BEE2E0B7}.Debug|iPhone.Build.0 = Debug|Any CPU
		{8E5B498D-240F-4C60-9A89-E1C1BEE2E0B7}.Debug|iPhone.Deploy.0 = Debug|Any CPU
		{8E5B498D-240F-4C60-9A89-E1C1BEE2E0B7}.Debug|iPhoneSimulator.ActiveCfg = Debug|Any CPU
		{8E5B498D-240F-4C60-9A89-E1C1BEE2E0B7}.Debug|iPhoneSimulator.Build.0 = Debug|Any CPU
		{8E5B498D-240F-4C60-9A89-E1C1BEE2E0B7}.Debug|iPhoneSimulator.Deploy.0 = Debug|Any CPU
		{8E5B498D-240F-4C60-9A89-E1C1BEE2E0B7}.Release|Any CPU.ActiveCfg = Release|Any CPU
		{8E5B498D-240F-4C60-9A89-E1C1BEE2E0B7}.Release|Any CPU.Build.0 = Release|Any CPU
		{8E5B498D-240F-4C60-9A89-E1C1BEE2E0B7}.Release|Any CPU.Deploy.0 = Release|Any CPU
		{8E5B498D-240F-4C60-9A89-E1C1BEE2E0B7}.Release|iPhone.ActiveCfg = Release|Any CPU
		{8E5B498D-240F-4C60-9A89-E1C1BEE2E0B7}.Release|iPhone.Build.0 = Release|Any CPU
		{8E5B498D-240F-4C60-9A89-E1C1BEE2E0B7}.Release|iPhone.Deploy.0 = Release|Any CPU
		{8E5B498D-240F-4C60-9A89-E1C1BEE2E0B7}.Release|iPhoneSimulator.ActiveCfg = Release|Any CPU
		{8E5B498D-240F-4C60-9A89-E1C1BEE2E0B7}.Release|iPhoneSimulator.Build.0 = Release|Any CPU
		{8E5B498D-240F-4C60-9A89-E1C1BEE2E0B7}.Release|iPhoneSimulator.Deploy.0 = Release|Any CPU
		{41792880-6C50-4CC7-B52B-819BC5541014}.Debug|Any CPU.ActiveCfg = Debug|iPhone
		{41792880-6C50-4CC7-B52B-819BC5541014}.Debug|Any CPU.Build.0 = Debug|iPhone
		{41792880-6C50-4CC7-B52B-819BC5541014}.Debug|Any CPU.Deploy.0 = Debug|iPhone
		{41792880-6C50-4CC7-B52B-819BC5541014}.Debug|iPhone.ActiveCfg = Debug|iPhone
		{41792880-6C50-4CC7-B52B-819BC5541014}.Debug|iPhone.Build.0 = Debug|iPhone
		{41792880-6C50-4CC7-B52B-819BC5541014}.Debug|iPhone.Deploy.0 = Debug|iPhone
		{41792880-6C50-4CC7-B52B-819BC5541014}.Debug|iPhoneSimulator.ActiveCfg = Debug|iPhoneSimulator
		{41792880-6C50-4CC7-B52B-819BC5541014}.Debug|iPhoneSimulator.Build.0 = Debug|iPhoneSimulator
		{41792880-6C50-4CC7-B52B-819BC5541014}.Debug|iPhoneSimulator.Deploy.0 = Debug|iPhoneSimulator
		{41792880-6C50-4CC7-B52B-819BC5541014}.Release|Any CPU.ActiveCfg = Release|iPhone
		{41792880-6C50-4CC7-B52B-819BC5541014}.Release|Any CPU.Build.0 = Release|iPhone
		{41792880-6C50-4CC7-B52B-819BC5541014}.Release|Any CPU.Deploy.0 = Release|iPhone
		{41792880-6C50-4CC7-B52B-819BC5541014}.Release|iPhone.ActiveCfg = Release|iPhone
		{41792880-6C50-4CC7-B52B-819BC5541014}.Release|iPhone.Build.0 = Release|iPhone
		{41792880-6C50-4CC7-B52B-819BC5541014}.Release|iPhone.Deploy.0 = Release|iPhone
		{41792880-6C50-4CC7-B52B-819BC5541014}.Release|iPhoneSimulator.ActiveCfg = Release|iPhoneSimulator
		{41792880-6C50-4CC7-B52B-819BC5541014}.Release|iPhoneSimulator.Build.0 = Release|iPhoneSimulator
		{41792880-6C50-4CC7-B52B-819BC5541014}.Release|iPhoneSimulator.Deploy.0 = Release|iPhoneSimulator
		{566A6E4F-5B0D-4542-9F35-6F80661436F9}.Debug|Any CPU.ActiveCfg = Debug|Any CPU
		{566A6E4F-5B0D-4542-9F35-6F80661436F9}.Debug|Any CPU.Build.0 = Debug|Any CPU
		{566A6E4F-5B0D-4542-9F35-6F80661436F9}.Debug|Any CPU.Deploy.0 = Debug|Any CPU
		{566A6E4F-5B0D-4542-9F35-6F80661436F9}.Debug|iPhone.ActiveCfg = Debug|Any CPU
		{566A6E4F-5B0D-4542-9F35-6F80661436F9}.Debug|iPhone.Build.0 = Debug|Any CPU
		{566A6E4F-5B0D-4542-9F35-6F80661436F9}.Debug|iPhone.Deploy.0 = Debug|Any CPU
		{566A6E4F-5B0D-4542-9F35-6F80661436F9}.Debug|iPhoneSimulator.ActiveCfg = Debug|Any CPU
		{566A6E4F-5B0D-4542-9F35-6F80661436F9}.Debug|iPhoneSimulator.Build.0 = Debug|Any CPU
		{566A6E4F-5B0D-4542-9F35-6F80661436F9}.Debug|iPhoneSimulator.Deploy.0 = Debug|Any CPU
		{566A6E4F-5B0D-4542-9F35-6F80661436F9}.Release|Any CPU.ActiveCfg = Release|Any CPU
		{566A6E4F-5B0D-4542-9F35-6F80661436F9}.Release|Any CPU.Build.0 = Release|Any CPU
		{566A6E4F-5B0D-4542-9F35-6F80661436F9}.Release|Any CPU.Deploy.0 = Release|Any CPU
		{566A6E4F-5B0D-4542-9F35-6F80661436F9}.Release|iPhone.ActiveCfg = Release|Any CPU
		{566A6E4F-5B0D-4542-9F35-6F80661436F9}.Release|iPhone.Build.0 = Release|Any CPU
		{566A6E4F-5B0D-4542-9F35-6F80661436F9}.Release|iPhone.Deploy.0 = Release|Any CPU
		{566A6E4F-5B0D-4542-9F35-6F80661436F9}.Release|iPhoneSimulator.ActiveCfg = Release|Any CPU
		{566A6E4F-5B0D-4542-9F35-6F80661436F9}.Release|iPhoneSimulator.Build.0 = Release|Any CPU
		{566A6E4F-5B0D-4542-9F35-6F80661436F9}.Release|iPhoneSimulator.Deploy.0 = Release|Any CPU
	EndGlobalSection
	GlobalSection(SolutionProperties) = preSolution
		HideSolutionNode = FALSE
	EndGlobalSection
	GlobalSection(ExtensibilityGlobals) = postSolution
		SolutionGuid = {126739D2-989D-4DF5-8A75-A12C94B529B4}
	EndGlobalSection
EndGlobal
